// !$*UTF8*$!
{
	archiveVersion = 1;
	classes = {
	};
	objectVersion = 50;
	objects = {

/* Begin PBXBuildFile section */
		3A0796A22138EAFC0029F13E /* AppDelegate.swift in Sources */ = {isa = PBXBuildFile; fileRef = 3A0796A12138EAFC0029F13E /* AppDelegate.swift */; };
		3A0796A92138EAFF0029F13E /* Assets.xcassets in Resources */ = {isa = PBXBuildFile; fileRef = 3A0796A82138EAFF0029F13E /* Assets.xcassets */; };
		3A0796AC2138EAFF0029F13E /* LaunchScreen.storyboard in Resources */ = {isa = PBXBuildFile; fileRef = 3A0796AA2138EAFF0029F13E /* LaunchScreen.storyboard */; };
		3A0796C12138ED1A0029F13E /* DetailTodo.storyboard in Resources */ = {isa = PBXBuildFile; fileRef = 3A0796C02138ED1A0029F13E /* DetailTodo.storyboard */; };
		3A0796C32138EDD40029F13E /* TodoDetailedViewController.swift in Sources */ = {isa = PBXBuildFile; fileRef = 3A0796C22138EDD40029F13E /* TodoDetailedViewController.swift */; };
		3A0796C52138EDFA0029F13E /* TodoListViewController.swift in Sources */ = {isa = PBXBuildFile; fileRef = 3A0796C42138EDFA0029F13E /* TodoListViewController.swift */; };
		3A0796C82138EE660029F13E /* TodoList.storyboard in Resources */ = {isa = PBXBuildFile; fileRef = 3A0796C72138EE660029F13E /* TodoList.storyboard */; };
		3A0796CA2138EF4C0029F13E /* TodoDetailedInteractorIOProtocol.swift in Sources */ = {isa = PBXBuildFile; fileRef = 3A0796C92138EF4C0029F13E /* TodoDetailedInteractorIOProtocol.swift */; };
		3A0796CC2138EF910029F13E /* TodoDetailedInteractor.swift in Sources */ = {isa = PBXBuildFile; fileRef = 3A0796CB2138EF910029F13E /* TodoDetailedInteractor.swift */; };
		3A0796CE2138EFCF0029F13E /* TodoDetailedPresenterProtocol.swift in Sources */ = {isa = PBXBuildFile; fileRef = 3A0796CD2138EFCE0029F13E /* TodoDetailedPresenterProtocol.swift */; };
		3A0796D02138F02A0029F13E /* TodoDetailedPresenter.swift in Sources */ = {isa = PBXBuildFile; fileRef = 3A0796CF2138F02A0029F13E /* TodoDetailedPresenter.swift */; };
		3A0796D22138F05B0029F13E /* TodoDetailedRouterProtocol.swift in Sources */ = {isa = PBXBuildFile; fileRef = 3A0796D12138F05B0029F13E /* TodoDetailedRouterProtocol.swift */; };
		3A0796D42138F0720029F13E /* TodoDetailedRouter.swift in Sources */ = {isa = PBXBuildFile; fileRef = 3A0796D32138F0720029F13E /* TodoDetailedRouter.swift */; };
		3A0796D62138F0A40029F13E /* TodoListRouterProtocol.swift in Sources */ = {isa = PBXBuildFile; fileRef = 3A0796D52138F0A40029F13E /* TodoListRouterProtocol.swift */; };
		3A0796D82138F1160029F13E /* TodoListRouter.swift in Sources */ = {isa = PBXBuildFile; fileRef = 3A0796D72138F1160029F13E /* TodoListRouter.swift */; };
		3A0796DB2138F1510029F13E /* TodoItem.swift in Sources */ = {isa = PBXBuildFile; fileRef = 3A0796DA2138F1510029F13E /* TodoItem.swift */; };
		3A0796DD2138F1730029F13E /* TodoListPresenterProtocol.swift in Sources */ = {isa = PBXBuildFile; fileRef = 3A0796DC2138F1730029F13E /* TodoListPresenterProtocol.swift */; };
		3A0796DF2138F18A0029F13E /* TodoListPresenter.swift in Sources */ = {isa = PBXBuildFile; fileRef = 3A0796DE2138F18A0029F13E /* TodoListPresenter.swift */; };
		3A0796E12138F1A70029F13E /* TodoListInteractorIOProtocol.swift in Sources */ = {isa = PBXBuildFile; fileRef = 3A0796E02138F1A70029F13E /* TodoListInteractorIOProtocol.swift */; };
		3A0796E32138F1CC0029F13E /* TodoListInteractor.swift in Sources */ = {isa = PBXBuildFile; fileRef = 3A0796E22138F1CC0029F13E /* TodoListInteractor.swift */; };
		3A0796E52138F3660029F13E /* TodoListTableViewCell.swift in Sources */ = {isa = PBXBuildFile; fileRef = 3A0796E42138F3650029F13E /* TodoListTableViewCell.swift */; };
		3A0796E72138FB980029F13E /* Constants.swift in Sources */ = {isa = PBXBuildFile; fileRef = 3A0796E62138FB980029F13E /* Constants.swift */; };
		3A0796E9213902B10029F13E /* TodoListViewProtocol.swift in Sources */ = {isa = PBXBuildFile; fileRef = 3A0796E8213902B10029F13E /* TodoListViewProtocol.swift */; };
/* End PBXBuildFile section */

/* Begin PBXFileReference section */
		3A07969E2138EAFC0029F13E /* TODO Lite.app */ = {isa = PBXFileReference; explicitFileType = wrapper.application; includeInIndex = 0; path = "TODO Lite.app"; sourceTree = BUILT_PRODUCTS_DIR; };
		3A0796A12138EAFC0029F13E /* AppDelegate.swift */ = {isa = PBXFileReference; lastKnownFileType = sourcecode.swift; path = AppDelegate.swift; sourceTree = "<group>"; };
		3A0796A82138EAFF0029F13E /* Assets.xcassets */ = {isa = PBXFileReference; lastKnownFileType = folder.assetcatalog; path = Assets.xcassets; sourceTree = "<group>"; };
		3A0796AB2138EAFF0029F13E /* Base */ = {isa = PBXFileReference; lastKnownFileType = file.storyboard; name = Base; path = Base.lproj/LaunchScreen.storyboard; sourceTree = "<group>"; };
		3A0796AD2138EAFF0029F13E /* Info.plist */ = {isa = PBXFileReference; lastKnownFileType = text.plist.xml; path = Info.plist; sourceTree = "<group>"; };
		3A0796C02138ED1A0029F13E /* DetailTodo.storyboard */ = {isa = PBXFileReference; lastKnownFileType = file.storyboard; path = DetailTodo.storyboard; sourceTree = "<group>"; };
		3A0796C22138EDD40029F13E /* TodoDetailedViewController.swift */ = {isa = PBXFileReference; lastKnownFileType = sourcecode.swift; path = TodoDetailedViewController.swift; sourceTree = "<group>"; };
		3A0796C42138EDFA0029F13E /* TodoListViewController.swift */ = {isa = PBXFileReference; lastKnownFileType = sourcecode.swift; path = TodoListViewController.swift; sourceTree = "<group>"; };
		3A0796C72138EE660029F13E /* TodoList.storyboard */ = {isa = PBXFileReference; lastKnownFileType = file.storyboard; path = TodoList.storyboard; sourceTree = "<group>"; };
		3A0796C92138EF4C0029F13E /* TodoDetailedInteractorIOProtocol.swift */ = {isa = PBXFileReference; lastKnownFileType = sourcecode.swift; path = TodoDetailedInteractorIOProtocol.swift; sourceTree = "<group>"; };
		3A0796CB2138EF910029F13E /* TodoDetailedInteractor.swift */ = {isa = PBXFileReference; lastKnownFileType = sourcecode.swift; path = TodoDetailedInteractor.swift; sourceTree = "<group>"; };
		3A0796CD2138EFCE0029F13E /* TodoDetailedPresenterProtocol.swift */ = {isa = PBXFileReference; lastKnownFileType = sourcecode.swift; path = TodoDetailedPresenterProtocol.swift; sourceTree = "<group>"; };
		3A0796CF2138F02A0029F13E /* TodoDetailedPresenter.swift */ = {isa = PBXFileReference; lastKnownFileType = sourcecode.swift; path = TodoDetailedPresenter.swift; sourceTree = "<group>"; };
		3A0796D12138F05B0029F13E /* TodoDetailedRouterProtocol.swift */ = {isa = PBXFileReference; lastKnownFileType = sourcecode.swift; path = TodoDetailedRouterProtocol.swift; sourceTree = "<group>"; };
		3A0796D32138F0720029F13E /* TodoDetailedRouter.swift */ = {isa = PBXFileReference; lastKnownFileType = sourcecode.swift; path = TodoDetailedRouter.swift; sourceTree = "<group>"; };
		3A0796D52138F0A40029F13E /* TodoListRouterProtocol.swift */ = {isa = PBXFileReference; lastKnownFileType = sourcecode.swift; path = TodoListRouterProtocol.swift; sourceTree = "<group>"; };
		3A0796D72138F1160029F13E /* TodoListRouter.swift */ = {isa = PBXFileReference; lastKnownFileType = sourcecode.swift; path = TodoListRouter.swift; sourceTree = "<group>"; };
		3A0796DA2138F1510029F13E /* TodoItem.swift */ = {isa = PBXFileReference; lastKnownFileType = sourcecode.swift; path = TodoItem.swift; sourceTree = "<group>"; };
		3A0796DC2138F1730029F13E /* TodoListPresenterProtocol.swift */ = {isa = PBXFileReference; lastKnownFileType = sourcecode.swift; path = TodoListPresenterProtocol.swift; sourceTree = "<group>"; };
		3A0796DE2138F18A0029F13E /* TodoListPresenter.swift */ = {isa = PBXFileReference; lastKnownFileType = sourcecode.swift; path = TodoListPresenter.swift; sourceTree = "<group>"; };
		3A0796E02138F1A70029F13E /* TodoListInteractorIOProtocol.swift */ = {isa = PBXFileReference; lastKnownFileType = sourcecode.swift; path = TodoListInteractorIOProtocol.swift; sourceTree = "<group>"; };
		3A0796E22138F1CC0029F13E /* TodoListInteractor.swift */ = {isa = PBXFileReference; lastKnownFileType = sourcecode.swift; path = TodoListInteractor.swift; sourceTree = "<group>"; };
		3A0796E42138F3650029F13E /* TodoListTableViewCell.swift */ = {isa = PBXFileReference; lastKnownFileType = sourcecode.swift; path = TodoListTableViewCell.swift; sourceTree = "<group>"; };
		3A0796E62138FB980029F13E /* Constants.swift */ = {isa = PBXFileReference; lastKnownFileType = sourcecode.swift; path = Constants.swift; sourceTree = "<group>"; };
		3A0796E8213902B10029F13E /* TodoListViewProtocol.swift */ = {isa = PBXFileReference; lastKnownFileType = sourcecode.swift; path = TodoListViewProtocol.swift; sourceTree = "<group>"; };
/* End PBXFileReference section */

/* Begin PBXFrameworksBuildPhase section */
		3A07969B2138EAFC0029F13E /* Frameworks */ = {
			isa = PBXFrameworksBuildPhase;
			buildActionMask = 2147483647;
			files = (
			);
			runOnlyForDeploymentPostprocessing = 0;
		};
/* End PBXFrameworksBuildPhase section */

/* Begin PBXGroup section */
		3A0796952138EAFC0029F13E = {
			isa = PBXGroup;
			children = (
				3A0796A02138EAFC0029F13E /* TODO Lite */,
				3A07969F2138EAFC0029F13E /* Products */,
			);
			sourceTree = "<group>";
		};
		3A07969F2138EAFC0029F13E /* Products */ = {
			isa = PBXGroup;
			children = (
				3A07969E2138EAFC0029F13E /* TODO Lite.app */,
			);
			name = Products;
			sourceTree = "<group>";
		};
		3A0796A02138EAFC0029F13E /* TODO Lite */ = {
			isa = PBXGroup;
			children = (
				3A0796D92138F13A0029F13E /* model */,
				3A0796AD2138EAFF0029F13E /* Info.plist */,
				3A0796C62138EE1D0029F13E /* support */,
				3A0796B32138EB830029F13E /* modules */,
			);
			path = "TODO Lite";
			sourceTree = "<group>";
		};
		3A0796B32138EB830029F13E /* modules */ = {
			isa = PBXGroup;
			children = (
				3A0796B52138EBA40029F13E /* detail */,
				3A0796B42138EB9B0029F13E /* list */,
			);
			path = modules;
			sourceTree = "<group>";
		};
		3A0796B42138EB9B0029F13E /* list */ = {
			isa = PBXGroup;
			children = (
				3A0796BF2138EC070029F13E /* router */,
				3A0796BD2138EBF60029F13E /* presenter */,
				3A0796BC2138EBEF0029F13E /* interactor */,
				3A0796BB2138EBE90029F13E /* view */,
			);
			path = list;
			sourceTree = "<group>";
		};
		3A0796B52138EBA40029F13E /* detail */ = {
			isa = PBXGroup;
			children = (
				3A0796BA2138EBE20029F13E /* router */,
				3A0796B82138EBC90029F13E /* presenter */,
				3A0796B72138EBBB0029F13E /* interactor */,
				3A0796B62138EBB10029F13E /* view */,
			);
			path = detail;
			sourceTree = "<group>";
		};
		3A0796B62138EBB10029F13E /* view */ = {
			isa = PBXGroup;
			children = (
				3A0796C02138ED1A0029F13E /* DetailTodo.storyboard */,
				3A0796C22138EDD40029F13E /* TodoDetailedViewController.swift */,
			);
			path = view;
			sourceTree = "<group>";
		};
		3A0796B72138EBBB0029F13E /* interactor */ = {
			isa = PBXGroup;
			children = (
				3A0796C92138EF4C0029F13E /* TodoDetailedInteractorIOProtocol.swift */,
				3A0796CB2138EF910029F13E /* TodoDetailedInteractor.swift */,
			);
			path = interactor;
			sourceTree = "<group>";
		};
		3A0796B82138EBC90029F13E /* presenter */ = {
			isa = PBXGroup;
			children = (
				3A0796CD2138EFCE0029F13E /* TodoDetailedPresenterProtocol.swift */,
				3A0796CF2138F02A0029F13E /* TodoDetailedPresenter.swift */,
			);
			path = presenter;
			sourceTree = "<group>";
		};
		3A0796BA2138EBE20029F13E /* router */ = {
			isa = PBXGroup;
			children = (
				3A0796D12138F05B0029F13E /* TodoDetailedRouterProtocol.swift */,
				3A0796D32138F0720029F13E /* TodoDetailedRouter.swift */,
			);
			path = router;
			sourceTree = "<group>";
		};
		3A0796BB2138EBE90029F13E /* view */ = {
			isa = PBXGroup;
			children = (
				3A0796C42138EDFA0029F13E /* TodoListViewController.swift */,
				3A0796C72138EE660029F13E /* TodoList.storyboard */,
				3A0796E42138F3650029F13E /* TodoListTableViewCell.swift */,
				3A0796E8213902B10029F13E /* TodoListViewProtocol.swift */,
			);
			path = view;
			sourceTree = "<group>";
		};
		3A0796BC2138EBEF0029F13E /* interactor */ = {
			isa = PBXGroup;
			children = (
				3A0796E02138F1A70029F13E /* TodoListInteractorIOProtocol.swift */,
				3A0796E22138F1CC0029F13E /* TodoListInteractor.swift */,
			);
			path = interactor;
			sourceTree = "<group>";
		};
		3A0796BD2138EBF60029F13E /* presenter */ = {
			isa = PBXGroup;
			children = (
				3A0796DC2138F1730029F13E /* TodoListPresenterProtocol.swift */,
				3A0796DE2138F18A0029F13E /* TodoListPresenter.swift */,
			);
			path = presenter;
			sourceTree = "<group>";
		};
		3A0796BF2138EC070029F13E /* router */ = {
			isa = PBXGroup;
			children = (
				3A0796D52138F0A40029F13E /* TodoListRouterProtocol.swift */,
				3A0796D72138F1160029F13E /* TodoListRouter.swift */,
			);
			path = router;
			sourceTree = "<group>";
		};
		3A0796C62138EE1D0029F13E /* support */ = {
			isa = PBXGroup;
			children = (
				3A0796A12138EAFC0029F13E /* AppDelegate.swift */,
				3A0796A82138EAFF0029F13E /* Assets.xcassets */,
				3A0796AA2138EAFF0029F13E /* LaunchScreen.storyboard */,
				3A0796E62138FB980029F13E /* Constants.swift */,
			);
			path = support;
			sourceTree = "<group>";
		};
		3A0796D92138F13A0029F13E /* model */ = {
			isa = PBXGroup;
			children = (
				3A0796DA2138F1510029F13E /* TodoItem.swift */,
			);
			path = model;
			sourceTree = "<group>";
		};
/* End PBXGroup section */

/* Begin PBXNativeTarget section */
		3A07969D2138EAFC0029F13E /* TODO Lite */ = {
			isa = PBXNativeTarget;
			buildConfigurationList = 3A0796B02138EAFF0029F13E /* Build configuration list for PBXNativeTarget "TODO Lite" */;
			buildPhases = (
				3A07969A2138EAFC0029F13E /* Sources */,
				3A07969B2138EAFC0029F13E /* Frameworks */,
				3A07969C2138EAFC0029F13E /* Resources */,
			);
			buildRules = (
			);
			dependencies = (
			);
			name = "TODO Lite";
			productName = "TODO Lite";
			productReference = 3A07969E2138EAFC0029F13E /* TODO Lite.app */;
			productType = "com.apple.product-type.application";
		};
/* End PBXNativeTarget section */

/* Begin PBXProject section */
		3A0796962138EAFC0029F13E /* Project object */ = {
			isa = PBXProject;
			attributes = {
				LastSwiftUpdateCheck = 1000;
				LastUpgradeCheck = 1000;
				ORGANIZATIONNAME = "Anton Developer";
				TargetAttributes = {
					3A07969D2138EAFC0029F13E = {
						CreatedOnToolsVersion = 10.0;
					};
				};
			};
			buildConfigurationList = 3A0796992138EAFC0029F13E /* Build configuration list for PBXProject "TODO Lite" */;
			compatibilityVersion = "Xcode 9.3";
			developmentRegion = en;
			hasScannedForEncodings = 0;
			knownRegions = (
				en,
				Base,
			);
			mainGroup = 3A0796952138EAFC0029F13E;
			productRefGroup = 3A07969F2138EAFC0029F13E /* Products */;
			projectDirPath = "";
			projectRoot = "";
			targets = (
				3A07969D2138EAFC0029F13E /* TODO Lite */,
			);
		};
/* End PBXProject section */

/* Begin PBXResourcesBuildPhase section */
		3A07969C2138EAFC0029F13E /* Resources */ = {
			isa = PBXResourcesBuildPhase;
			buildActionMask = 2147483647;
			files = (
				3A0796C82138EE660029F13E /* TodoList.storyboard in Resources */,
				3A0796C12138ED1A0029F13E /* DetailTodo.storyboard in Resources */,
				3A0796AC2138EAFF0029F13E /* LaunchScreen.storyboard in Resources */,
				3A0796A92138EAFF0029F13E /* Assets.xcassets in Resources */,
			);
			runOnlyForDeploymentPostprocessing = 0;
		};
/* End PBXResourcesBuildPhase section */

/* Begin PBXSourcesBuildPhase section */
		3A07969A2138EAFC0029F13E /* Sources */ = {
			isa = PBXSourcesBuildPhase;
			buildActionMask = 2147483647;
			files = (
				3A0796E32138F1CC0029F13E /* TodoListInteractor.swift in Sources */,
				3A0796DF2138F18A0029F13E /* TodoListPresenter.swift in Sources */,
				3A0796D22138F05B0029F13E /* TodoDetailedRouterProtocol.swift in Sources */,
				3A0796DD2138F1730029F13E /* TodoListPresenterProtocol.swift in Sources */,
				3A0796D42138F0720029F13E /* TodoDetailedRouter.swift in Sources */,
				3A0796CA2138EF4C0029F13E /* TodoDetailedInteractorIOProtocol.swift in Sources */,
				3A0796C52138EDFA0029F13E /* TodoListViewController.swift in Sources */,
				3A0796E9213902B10029F13E /* TodoListViewProtocol.swift in Sources */,
				3A0796D62138F0A40029F13E /* TodoListRouterProtocol.swift in Sources */,
				3A0796CE2138EFCF0029F13E /* TodoDetailedPresenterProtocol.swift in Sources */,
				3A0796D02138F02A0029F13E /* TodoDetailedPresenter.swift in Sources */,
				3A0796E52138F3660029F13E /* TodoListTableViewCell.swift in Sources */,
				3A0796CC2138EF910029F13E /* TodoDetailedInteractor.swift in Sources */,
				3A0796D82138F1160029F13E /* TodoListRouter.swift in Sources */,
				3A0796C32138EDD40029F13E /* TodoDetailedViewController.swift in Sources */,
				3A0796E12138F1A70029F13E /* TodoListInteractorIOProtocol.swift in Sources */,
				3A0796DB2138F1510029F13E /* TodoItem.swift in Sources */,
				3A0796A22138EAFC0029F13E /* AppDelegate.swift in Sources */,
				3A0796E72138FB980029F13E /* Constants.swift in Sources */,
			);
			runOnlyForDeploymentPostprocessing = 0;
		};
/* End PBXSourcesBuildPhase section */

/* Begin PBXVariantGroup section */
		3A0796AA2138EAFF0029F13E /* LaunchScreen.storyboard */ = {
			isa = PBXVariantGroup;
			children = (
				3A0796AB2138EAFF0029F13E /* Base */,
			);
			name = LaunchScreen.storyboard;
			sourceTree = "<group>";
		};
/* End PBXVariantGroup section */

/* Begin XCBuildConfiguration section */
		3A0796AE2138EAFF0029F13E /* Debug */ = {
			isa = XCBuildConfiguration;
			buildSettings = {
				ALWAYS_SEARCH_USER_PATHS = NO;
				CLANG_ANALYZER_NONNULL = YES;
				CLANG_ANALYZER_NUMBER_OBJECT_CONVERSION = YES_AGGRESSIVE;
				CLANG_CXX_LANGUAGE_STANDARD = "gnu++14";
				CLANG_CXX_LIBRARY = "libc++";
				CLANG_ENABLE_MODULES = YES;
				CLANG_ENABLE_OBJC_ARC = YES;
				CLANG_ENABLE_OBJC_WEAK = YES;
				CLANG_WARN_BLOCK_CAPTURE_AUTORELEASING = YES;
				CLANG_WARN_BOOL_CONVERSION = YES;
				CLANG_WARN_COMMA = YES;
				CLANG_WARN_CONSTANT_CONVERSION = YES;
				CLANG_WARN_DEPRECATED_OBJC_IMPLEMENTATIONS = YES;
				CLANG_WARN_DIRECT_OBJC_ISA_USAGE = YES_ERROR;
				CLANG_WARN_DOCUMENTATION_COMMENTS = YES;
				CLANG_WARN_EMPTY_BODY = YES;
				CLANG_WARN_ENUM_CONVERSION = YES;
				CLANG_WARN_INFINITE_RECURSION = YES;
				CLANG_WARN_INT_CONVERSION = YES;
				CLANG_WARN_NON_LITERAL_NULL_CONVERSION = YES;
				CLANG_WARN_OBJC_IMPLICIT_RETAIN_SELF = YES;
				CLANG_WARN_OBJC_LITERAL_CONVERSION = YES;
				CLANG_WARN_OBJC_ROOT_CLASS = YES_ERROR;
				CLANG_WARN_RANGE_LOOP_ANALYSIS = YES;
				CLANG_WARN_STRICT_PROTOTYPES = YES;
				CLANG_WARN_SUSPICIOUS_MOVE = YES;
				CLANG_WARN_UNGUARDED_AVAILABILITY = YES_AGGRESSIVE;
				CLANG_WARN_UNREACHABLE_CODE = YES;
				CLANG_WARN__DUPLICATE_METHOD_MATCH = YES;
				CODE_SIGN_IDENTITY = "iPhone Developer";
				COPY_PHASE_STRIP = NO;
				DEBUG_INFORMATION_FORMAT = dwarf;
				ENABLE_STRICT_OBJC_MSGSEND = YES;
				ENABLE_TESTABILITY = YES;
				GCC_C_LANGUAGE_STANDARD = gnu11;
				GCC_DYNAMIC_NO_PIC = NO;
				GCC_NO_COMMON_BLOCKS = YES;
				GCC_OPTIMIZATION_LEVEL = 0;
				GCC_PREPROCESSOR_DEFINITIONS = (
					"DEBUG=1",
					"$(inherited)",
				);
				GCC_WARN_64_TO_32_BIT_CONVERSION = YES;
				GCC_WARN_ABOUT_RETURN_TYPE = YES_ERROR;
				GCC_WARN_UNDECLARED_SELECTOR = YES;
				GCC_WARN_UNINITIALIZED_AUTOS = YES_AGGRESSIVE;
				GCC_WARN_UNUSED_FUNCTION = YES;
				GCC_WARN_UNUSED_VARIABLE = YES;
				IPHONEOS_DEPLOYMENT_TARGET = 12.0;
				MTL_ENABLE_DEBUG_INFO = INCLUDE_SOURCE;
				MTL_FAST_MATH = YES;
				ONLY_ACTIVE_ARCH = YES;
				SDKROOT = iphoneos;
				SWIFT_ACTIVE_COMPILATION_CONDITIONS = DEBUG;
				SWIFT_OPTIMIZATION_LEVEL = "-Onone";
			};
			name = Debug;
		};
		3A0796AF2138EAFF0029F13E /* Release */ = {
			isa = XCBuildConfiguration;
			buildSettings = {
				ALWAYS_SEARCH_USER_PATHS = NO;
				CLANG_ANALYZER_NONNULL = YES;
				CLANG_ANALYZER_NUMBER_OBJECT_CONVERSION = YES_AGGRESSIVE;
				CLANG_CXX_LANGUAGE_STANDARD = "gnu++14";
				CLANG_CXX_LIBRARY = "libc++";
				CLANG_ENABLE_MODULES = YES;
				CLANG_ENABLE_OBJC_ARC = YES;
				CLANG_ENABLE_OBJC_WEAK = YES;
				CLANG_WARN_BLOCK_CAPTURE_AUTORELEASING = YES;
				CLANG_WARN_BOOL_CONVERSION = YES;
				CLANG_WARN_COMMA = YES;
				CLANG_WARN_CONSTANT_CONVERSION = YES;
				CLANG_WARN_DEPRECATED_OBJC_IMPLEMENTATIONS = YES;
				CLANG_WARN_DIRECT_OBJC_ISA_USAGE = YES_ERROR;
				CLANG_WARN_DOCUMENTATION_COMMENTS = YES;
				CLANG_WARN_EMPTY_BODY = YES;
				CLANG_WARN_ENUM_CONVERSION = YES;
				CLANG_WARN_INFINITE_RECURSION = YES;
				CLANG_WARN_INT_CONVERSION = YES;
				CLANG_WARN_NON_LITERAL_NULL_CONVERSION = YES;
				CLANG_WARN_OBJC_IMPLICIT_RETAIN_SELF = YES;
				CLANG_WARN_OBJC_LITERAL_CONVERSION = YES;
				CLANG_WARN_OBJC_ROOT_CLASS = YES_ERROR;
				CLANG_WARN_RANGE_LOOP_ANALYSIS = YES;
				CLANG_WARN_STRICT_PROTOTYPES = YES;
				CLANG_WARN_SUSPICIOUS_MOVE = YES;
				CLANG_WARN_UNGUARDED_AVAILABILITY = YES_AGGRESSIVE;
				CLANG_WARN_UNREACHABLE_CODE = YES;
				CLANG_WARN__DUPLICATE_METHOD_MATCH = YES;
				CODE_SIGN_IDENTITY = "iPhone Developer";
				COPY_PHASE_STRIP = NO;
				DEBUG_INFORMATION_FORMAT = "dwarf-with-dsym";
				ENABLE_NS_ASSERTIONS = NO;
				ENABLE_STRICT_OBJC_MSGSEND = YES;
				GCC_C_LANGUAGE_STANDARD = gnu11;
				GCC_NO_COMMON_BLOCKS = YES;
				GCC_WARN_64_TO_32_BIT_CONVERSION = YES;
				GCC_WARN_ABOUT_RETURN_TYPE = YES_ERROR;
				GCC_WARN_UNDECLARED_SELECTOR = YES;
				GCC_WARN_UNINITIALIZED_AUTOS = YES_AGGRESSIVE;
				GCC_WARN_UNUSED_FUNCTION = YES;
				GCC_WARN_UNUSED_VARIABLE = YES;
				IPHONEOS_DEPLOYMENT_TARGET = 12.0;
				MTL_ENABLE_DEBUG_INFO = NO;
				MTL_FAST_MATH = YES;
				SDKROOT = iphoneos;
				SWIFT_COMPILATION_MODE = wholemodule;
				SWIFT_OPTIMIZATION_LEVEL = "-O";
				VALIDATE_PRODUCT = YES;
			};
			name = Release;
		};
		3A0796B12138EAFF0029F13E /* Debug */ = {
			isa = XCBuildConfiguration;
			buildSettings = {
				ASSETCATALOG_COMPILER_APPICON_NAME = AppIcon;
				CODE_SIGN_STYLE = Automatic;
				INFOPLIST_FILE = "TODO Lite/Info.plist";
				LD_RUNPATH_SEARCH_PATHS = (
					"$(inherited)",
					"@executable_path/Frameworks",
				);
				PRODUCT_BUNDLE_IDENTIFIER = "com.antonson.TODO-Lite";
				PRODUCT_NAME = "$(TARGET_NAME)";
				SWIFT_VERSION = 4.2;
				TARGETED_DEVICE_FAMILY = "1,2";
			};
			name = Debug;
		};
		3A0796B22138EAFF0029F13E /* Release */ = {
			isa = XCBuildConfiguration;
			buildSettings = {
				ASSETCATALOG_COMPILER_APPICON_NAME = AppIcon;
				CODE_SIGN_STYLE = Automatic;
				INFOPLIST_FILE = "TODO Lite/Info.plist";
				LD_RUNPATH_SEARCH_PATHS = (
					"$(inherited)",
					"@executable_path/Frameworks",
				);
				PRODUCT_BUNDLE_IDENTIFIER = "com.antonson.TODO-Lite";
				PRODUCT_NAME = "$(TARGET_NAME)";
				SWIFT_VERSION = 4.2;
				TARGETED_DEVICE_FAMILY = "1,2";
			};
			name = Release;
		};
/* End XCBuildConfiguration section */

/* Begin XCConfigurationList section */
		3A0796992138EAFC0029F13E /* Build configuration list for PBXProject "TODO Lite" */ = {
			isa = XCConfigurationList;
			buildConfigurations = (
				3A0796AE2138EAFF0029F13E /* Debug */,
				3A0796AF2138EAFF0029F13E /* Release */,
			);
			defaultConfigurationIsVisible = 0;
			defaultConfigurationName = Release;
		};
		3A0796B02138EAFF0029F13E /* Build configuration list for PBXNativeTarget "TODO Lite" */ = {
			isa = XCConfigurationList;
			buildConfigurations = (
				3A0796B12138EAFF0029F13E /* Debug */,
				3A0796B22138EAFF0029F13E /* Release */,
			);
			defaultConfigurationIsVisible = 0;
			defaultConfigurationName = Release;
		};
/* End XCConfigurationList section */
	};
	rootObject = 3A0796962138EAFC0029F13E /* Project object */;
}
